# This file is autogenerated, do not edit; changes may be undone by the next 'dep ensure'.


[[projects]]
  branch = "master"
  name = "github.com/Graffity-X/user-api"
  packages = ["src/config"]
  revision = "8fad28a51bc61989a7f93233a0d98dc842e05832"

[[projects]]
  name = "github.com/Masterminds/squirrel"
  packages = ["."]
  revision = "a6b93000bd219143c56c16e6cb1c4b91da3f224b"
  version = "v1.0"

[[projects]]
  name = "github.com/go-chi/chi"
  packages = ["."]
  revision = "e83ac2304db3c50cf03d96a2fcd39009d458bc35"
  version = "v3.3.2"

[[projects]]
  name = "github.com/go-playground/locales"
  packages = [
    ".",
    "currency"
  ]
  revision = "f63010822830b6fe52288ee52d5a1151088ce039"
  version = "v0.12.1"

[[projects]]
  name = "github.com/go-playground/universal-translator"
  packages = ["."]
  revision = "b32fa301c9fe55953584134cb6853a13c87ec0a1"
  version = "v0.16.0"

[[projects]]
  name = "github.com/go-sql-driver/mysql"
  packages = ["."]
  revision = "a0583e0143b1624142adab07e0e97fe106d99561"
  version = "v1.3"

[[projects]]
  name = "github.com/gomodule/redigo"
  packages = [
    "internal",
    "redis"
  ]
  revision = "9c11da706d9b7902c6da69c592f75637793fe121"
  version = "v2.0.0"

[[projects]]
  branch = "master"
  name = "github.com/jmoiron/sqlx"
  packages = [
    ".",
    "reflectx"
  ]
  revision = "2aeb6a910c2b94f2d5eb53d9895d80e27264ec41"

[[projects]]
  branch = "master"
  name = "github.com/justinas/alice"
  packages = ["."]
  revision = "03f45bd4b7dad4734bc4620e46a35789349abb20"

[[projects]]
  name = "github.com/kelseyhightower/envconfig"
  packages = ["."]
  revision = "f611eb38b3875cc3bd991ca91c51d06446afa14c"
  version = "v1.3.0"

[[projects]]
  branch = "master"
  name = "github.com/lann/builder"
  packages = ["."]
  revision = "1b87b36280d04fe7882d1512bf038ea2967ad534"

[[projects]]
  branch = "master"
  name = "github.com/lann/ps"
  packages = ["."]
  revision = "62de8c46ede02a7675c4c79c84883eb164cb71e3"

[[projects]]
  branch = "master"
  name = "github.com/unrolled/render"
  packages = ["."]
  revision = "65450fb6b2d3595beca39f969c411db8f8d5c806"

[[projects]]
  branch = "master"
  name = "golang.org/x/crypto"
  packages = [
    "bcrypt",
    "blowfish"
  ]
  revision = "d6449816ce06963d9d136eee5a56fca5b0616e7e"

[[projects]]
  name = "gopkg.in/go-playground/validator.v9"
  packages = ["."]
  revision = "14984d91328f9612b58443cbdf4a077d4fd71091"
  version = "v9.15.0"

[solve-meta]
  analyzer-name = "dep"
  analyzer-version = 1
  inputs-digest = "b930ea15cf23475fb855a95c78b973e442eae3dc81743337b9a8ab030b7a3cce"
  solver-name = "gps-cdcl"
  solver-version = 1
